
Microsoft Visual Studio Solution File, Format Version 12.00
# Visual Studio Version 17
VisualStudioVersion = 17.0.32126.317
MinimumVisualStudioVersion = 10.0.40219.1
Project("{FAE04EC0-301F-11D3-BF4B-00C04F79EFBC}") = "Instant Cleaner", "Instant Cleaner.csproj", "{971BA122-350C-49C3-978A-79E94242297A}"
EndProject
Global
	GlobalSection(SolutionConfigurationPlatforms) = preSolution
		Debug|Any CPU = Debug|Any CPU
		Release|Any CPU = Release|Any CPU
	EndGlobalSection
	GlobalSection(ProjectConfigurationPlatforms) = postSolution
		{971BA122-350C-49C3-978A-79E94242297A}.Debug|Any CPU.ActiveCfg = Debug|Any CPU
		{971BA122-350C-49C3-978A-79E94242297A}.Debug|Any CPU.Build.0 = Debug|Any CPU
		{971BA122-350C-49C3-978A-79E94242297A}.Release|Any CPU.ActiveCfg = Release|Any CPU
		{971BA122-350C-49C3-978A-79E94242297A}.Release|Any CPU.Build.0 = Release|Any CPU
	EndGlobalSection
	GlobalSection(SolutionProperties) = preSolution
		HideSolutionNode = FALSE
	EndGlobalSection
	GlobalSection(ExtensibilityGlobals) = postSolution
		SolutionGuid = {380CF5B3-AC22-4B05-B381-F57786EEF9BB}
	EndGlobalSection
EndGlobal
